
Microsoft Visual Studio Solution File, Format Version 12.00
# Visual Studio Version 17
VisualStudioVersion = 17.5.33627.172
MinimumVisualStudioVersion = 10.0.40219.1
Project("{2150E333-8FDC-42A3-9474-1A3956D46DE8}") = "Services", "Services", "{57CF704D-B8E0-462E-8A50-0828B855B57E}"
EndProject
Project("{2150E333-8FDC-42A3-9474-1A3956D46DE8}") = "Catalog", "Catalog", "{4273391F-56AF-4146-9DE0-781E75882E51}"
EndProject
Project("{9A19103F-16F7-4668-BE54-9A1E7A4F7556}") = "Catalog.API", "Services\Catalog\Catalog.API\Catalog.API.csproj", "{21B25CF5-C43F-45C2-93A1-579F4ABC1964}"
EndProject
Project("{E53339B2-1760-4266-BCC7-CA923CBCF16C}") = "docker-compose", "docker-compose.dcproj", "{08EF48BA-94AC-4D71-B97F-83FB905C0D52}"
EndProject
Project("{2150E333-8FDC-42A3-9474-1A3956D46DE8}") = "Basket", "Basket", "{4C431ADD-181F-463E-B755-44B39792BE80}"
EndProject
Project("{9A19103F-16F7-4668-BE54-9A1E7A4F7556}") = "Basket.API", "Services\Basket\Basket.API\Basket.API.csproj", "{549A0EBE-8106-4608-92D1-4D00152F0DE1}"
EndProject
Project("{2150E333-8FDC-42A3-9474-1A3956D46DE8}") = "Discount", "Discount", "{BCAAD57C-99C0-48CF-B81C-41B575BABFCE}"
EndProject
Project("{9A19103F-16F7-4668-BE54-9A1E7A4F7556}") = "Discount.API", "Services\Discount\Discount.API\Discount.API.csproj", "{DC8013E7-1C8D-438D-86EF-BC90C7917AE1}"
EndProject
Project("{9A19103F-16F7-4668-BE54-9A1E7A4F7556}") = "Discount.Grpc", "Services\Discount\Discount.Grpc\Discount.Grpc.csproj", "{33F6CC2B-0E72-4702-A90D-AA3A35010205}"
EndProject
Project("{9A19103F-16F7-4668-BE54-9A1E7A4F7556}") = "Discount.Data", "Services\Discount\Discount.Data\Discount.Data.csproj", "{F6DA3F72-FF1B-40EB-AACB-7666E28949A3}"
EndProject
Project("{2150E333-8FDC-42A3-9474-1A3956D46DE8}") = "Ordering", "Ordering", "{D0FE2BF9-C184-485B-BD6D-C211A8690AA0}"
EndProject
Project("{9A19103F-16F7-4668-BE54-9A1E7A4F7556}") = "Ordering.API", "Services\Ordering\Ordering.API\Ordering.API.csproj", "{2111F49D-2847-4C12-9B6E-4295CE63F761}"
EndProject
Project("{9A19103F-16F7-4668-BE54-9A1E7A4F7556}") = "Ordering.Domain", "Services\Ordering\Ordering.Domain\Ordering.Domain.csproj", "{D78985E6-0659-4904-8EF3-7DD108AA2078}"
EndProject
Project("{9A19103F-16F7-4668-BE54-9A1E7A4F7556}") = "Ordering.Application", "Services\Ordering\Ordering.Application\Ordering.Application.csproj", "{613EE564-CA82-4A42-A7B6-40BF6644804E}"
EndProject
Project("{9A19103F-16F7-4668-BE54-9A1E7A4F7556}") = "Ordering.Infrastructure", "Services\Ordering\Ordering.Infrastructure\Ordering.Infrastructure.csproj", "{EEEAFAB1-6689-449E-8807-83663FBE8239}"
EndProject
Project("{2150E333-8FDC-42A3-9474-1A3956D46DE8}") = "BuildingBlocks", "BuildingBlocks", "{A8DE86C0-C88E-445B-80F7-979DCEB5868D}"
EndProject
Project("{9A19103F-16F7-4668-BE54-9A1E7A4F7556}") = "EventBus.Messages", "BuildingBlocks\EventBus.Messages\EventBus.Messages.csproj", "{BD3E9869-8567-4D3E-A1F9-B7989A2CD0A7}"
EndProject
Project("{2150E333-8FDC-42A3-9474-1A3956D46DE8}") = "ApiGateways", "ApiGateways", "{19D55AF9-8F6E-4CDD-9AA1-16E42750020B}"
EndProject
Project("{FAE04EC0-301F-11D3-BF4B-00C04F79EFBC}") = "OcelotApiGw", "ApiGateways\OcelotApiGw\OcelotApiGw.csproj", "{062A695D-C9AC-40A7-AA4C-4445C3A8B5F7}"
EndProject
Global
	GlobalSection(SolutionConfigurationPlatforms) = preSolution
		Debug|Any CPU = Debug|Any CPU
		Release|Any CPU = Release|Any CPU
	EndGlobalSection
	GlobalSection(ProjectConfigurationPlatforms) = postSolution
		{21B25CF5-C43F-45C2-93A1-579F4ABC1964}.Debug|Any CPU.ActiveCfg = Debug|Any CPU
		{21B25CF5-C43F-45C2-93A1-579F4ABC1964}.Debug|Any CPU.Build.0 = Debug|Any CPU
		{21B25CF5-C43F-45C2-93A1-579F4ABC1964}.Release|Any CPU.ActiveCfg = Release|Any CPU
		{21B25CF5-C43F-45C2-93A1-579F4ABC1964}.Release|Any CPU.Build.0 = Release|Any CPU
		{08EF48BA-94AC-4D71-B97F-83FB905C0D52}.Debug|Any CPU.ActiveCfg = Debug|Any CPU
		{08EF48BA-94AC-4D71-B97F-83FB905C0D52}.Debug|Any CPU.Build.0 = Debug|Any CPU
		{08EF48BA-94AC-4D71-B97F-83FB905C0D52}.Release|Any CPU.ActiveCfg = Release|Any CPU
		{08EF48BA-94AC-4D71-B97F-83FB905C0D52}.Release|Any CPU.Build.0 = Release|Any CPU
		{549A0EBE-8106-4608-92D1-4D00152F0DE1}.Debug|Any CPU.ActiveCfg = Debug|Any CPU
		{549A0EBE-8106-4608-92D1-4D00152F0DE1}.Debug|Any CPU.Build.0 = Debug|Any CPU
		{549A0EBE-8106-4608-92D1-4D00152F0DE1}.Release|Any CPU.ActiveCfg = Release|Any CPU
		{549A0EBE-8106-4608-92D1-4D00152F0DE1}.Release|Any CPU.Build.0 = Release|Any CPU
		{DC8013E7-1C8D-438D-86EF-BC90C7917AE1}.Debug|Any CPU.ActiveCfg = Debug|Any CPU
		{DC8013E7-1C8D-438D-86EF-BC90C7917AE1}.Debug|Any CPU.Build.0 = Debug|Any CPU
		{DC8013E7-1C8D-438D-86EF-BC90C7917AE1}.Release|Any CPU.ActiveCfg = Release|Any CPU
		{DC8013E7-1C8D-438D-86EF-BC90C7917AE1}.Release|Any CPU.Build.0 = Release|Any CPU
		{33F6CC2B-0E72-4702-A90D-AA3A35010205}.Debug|Any CPU.ActiveCfg = Debug|Any CPU
		{33F6CC2B-0E72-4702-A90D-AA3A35010205}.Debug|Any CPU.Build.0 = Debug|Any CPU
		{33F6CC2B-0E72-4702-A90D-AA3A35010205}.Release|Any CPU.ActiveCfg = Release|Any CPU
		{33F6CC2B-0E72-4702-A90D-AA3A35010205}.Release|Any CPU.Build.0 = Release|Any CPU
		{F6DA3F72-FF1B-40EB-AACB-7666E28949A3}.Debug|Any CPU.ActiveCfg = Debug|Any CPU
		{F6DA3F72-FF1B-40EB-AACB-7666E28949A3}.Debug|Any CPU.Build.0 = Debug|Any CPU
		{F6DA3F72-FF1B-40EB-AACB-7666E28949A3}.Release|Any CPU.ActiveCfg = Release|Any CPU
		{F6DA3F72-FF1B-40EB-AACB-7666E28949A3}.Release|Any CPU.Build.0 = Release|Any CPU
		{2111F49D-2847-4C12-9B6E-4295CE63F761}.Debug|Any CPU.ActiveCfg = Debug|Any CPU
		{2111F49D-2847-4C12-9B6E-4295CE63F761}.Debug|Any CPU.Build.0 = Debug|Any CPU
		{2111F49D-2847-4C12-9B6E-4295CE63F761}.Release|Any CPU.ActiveCfg = Release|Any CPU
		{2111F49D-2847-4C12-9B6E-4295CE63F761}.Release|Any CPU.Build.0 = Release|Any CPU
		{D78985E6-0659-4904-8EF3-7DD108AA2078}.Debug|Any CPU.ActiveCfg = Debug|Any CPU
		{D78985E6-0659-4904-8EF3-7DD108AA2078}.Debug|Any CPU.Build.0 = Debug|Any CPU
		{D78985E6-0659-4904-8EF3-7DD108AA2078}.Release|Any CPU.ActiveCfg = Release|Any CPU
		{D78985E6-0659-4904-8EF3-7DD108AA2078}.Release|Any CPU.Build.0 = Release|Any CPU
		{613EE564-CA82-4A42-A7B6-40BF6644804E}.Debug|Any CPU.ActiveCfg = Debug|Any CPU
		{613EE564-CA82-4A42-A7B6-40BF6644804E}.Debug|Any CPU.Build.0 = Debug|Any CPU
		{613EE564-CA82-4A42-A7B6-40BF6644804E}.Release|Any CPU.ActiveCfg = Release|Any CPU
		{613EE564-CA82-4A42-A7B6-40BF6644804E}.Release|Any CPU.Build.0 = Release|Any CPU
		{EEEAFAB1-6689-449E-8807-83663FBE8239}.Debug|Any CPU.ActiveCfg = Debug|Any CPU
		{EEEAFAB1-6689-449E-8807-83663FBE8239}.Debug|Any CPU.Build.0 = Debug|Any CPU
		{EEEAFAB1-6689-449E-8807-83663FBE8239}.Release|Any CPU.ActiveCfg = Release|Any CPU
		{EEEAFAB1-6689-449E-8807-83663FBE8239}.Release|Any CPU.Build.0 = Release|Any CPU
		{BD3E9869-8567-4D3E-A1F9-B7989A2CD0A7}.Debug|Any CPU.ActiveCfg = Debug|Any CPU
		{BD3E9869-8567-4D3E-A1F9-B7989A2CD0A7}.Debug|Any CPU.Build.0 = Debug|Any CPU
		{BD3E9869-8567-4D3E-A1F9-B7989A2CD0A7}.Release|Any CPU.ActiveCfg = Release|Any CPU
		{BD3E9869-8567-4D3E-A1F9-B7989A2CD0A7}.Release|Any CPU.Build.0 = Release|Any CPU
		{062A695D-C9AC-40A7-AA4C-4445C3A8B5F7}.Debug|Any CPU.ActiveCfg = Debug|Any CPU
		{062A695D-C9AC-40A7-AA4C-4445C3A8B5F7}.Debug|Any CPU.Build.0 = Debug|Any CPU
		{062A695D-C9AC-40A7-AA4C-4445C3A8B5F7}.Release|Any CPU.ActiveCfg = Release|Any CPU
		{062A695D-C9AC-40A7-AA4C-4445C3A8B5F7}.Release|Any CPU.Build.0 = Release|Any CPU
	EndGlobalSection
	GlobalSection(SolutionProperties) = preSolution
		HideSolutionNode = FALSE
	EndGlobalSection
	GlobalSection(NestedProjects) = preSolution
		{4273391F-56AF-4146-9DE0-781E75882E51} = {57CF704D-B8E0-462E-8A50-0828B855B57E}
		{21B25CF5-C43F-45C2-93A1-579F4ABC1964} = {4273391F-56AF-4146-9DE0-781E75882E51}
		{4C431ADD-181F-463E-B755-44B39792BE80} = {57CF704D-B8E0-462E-8A50-0828B855B57E}
		{549A0EBE-8106-4608-92D1-4D00152F0DE1} = {4C431ADD-181F-463E-B755-44B39792BE80}
		{BCAAD57C-99C0-48CF-B81C-41B575BABFCE} = {57CF704D-B8E0-462E-8A50-0828B855B57E}
		{DC8013E7-1C8D-438D-86EF-BC90C7917AE1} = {BCAAD57C-99C0-48CF-B81C-41B575BABFCE}
		{33F6CC2B-0E72-4702-A90D-AA3A35010205} = {BCAAD57C-99C0-48CF-B81C-41B575BABFCE}
		{F6DA3F72-FF1B-40EB-AACB-7666E28949A3} = {BCAAD57C-99C0-48CF-B81C-41B575BABFCE}
		{D0FE2BF9-C184-485B-BD6D-C211A8690AA0} = {57CF704D-B8E0-462E-8A50-0828B855B57E}
		{2111F49D-2847-4C12-9B6E-4295CE63F761} = {D0FE2BF9-C184-485B-BD6D-C211A8690AA0}
		{D78985E6-0659-4904-8EF3-7DD108AA2078} = {D0FE2BF9-C184-485B-BD6D-C211A8690AA0}
		{613EE564-CA82-4A42-A7B6-40BF6644804E} = {D0FE2BF9-C184-485B-BD6D-C211A8690AA0}
		{EEEAFAB1-6689-449E-8807-83663FBE8239} = {D0FE2BF9-C184-485B-BD6D-C211A8690AA0}
		{BD3E9869-8567-4D3E-A1F9-B7989A2CD0A7} = {A8DE86C0-C88E-445B-80F7-979DCEB5868D}
		{062A695D-C9AC-40A7-AA4C-4445C3A8B5F7} = {19D55AF9-8F6E-4CDD-9AA1-16E42750020B}
	EndGlobalSection
	GlobalSection(ExtensibilityGlobals) = postSolution
		SolutionGuid = {970214EB-9778-4DF8-A8DF-1671CA882DDD}
	EndGlobalSection
EndGlobal
